
Microsoft Visual Studio Solution File, Format Version 12.00
# Visual Studio Version 17
VisualStudioVersion = 17.6.33829.357
MinimumVisualStudioVersion = 10.0.40219.1
Project("{FAE04EC0-301F-11D3-BF4B-00C04F79EFBC}") = "pract1b", "pract1b\pract1b.csproj", "{0C6E9D8C-9EC7-4317-B8CF-E798A13412D9}"
EndProject
Global
	GlobalSection(SolutionConfigurationPlatforms) = preSolution
		Debug|Any CPU = Debug|Any CPU
		Release|Any CPU = Release|Any CPU
	EndGlobalSection
	GlobalSection(ProjectConfigurationPlatforms) = postSolution
		{0C6E9D8C-9EC7-4317-B8CF-E798A13412D9}.Debug|Any CPU.ActiveCfg = Debug|Any CPU
		{0C6E9D8C-9EC7-4317-B8CF-E798A13412D9}.Debug|Any CPU.Build.0 = Debug|Any CPU
		{0C6E9D8C-9EC7-4317-B8CF-E798A13412D9}.Release|Any CPU.ActiveCfg = Release|Any CPU
		{0C6E9D8C-9EC7-4317-B8CF-E798A13412D9}.Release|Any CPU.Build.0 = Release|Any CPU
	EndGlobalSection
	GlobalSection(SolutionProperties) = preSolution
		HideSolutionNode = FALSE
	EndGlobalSection
	GlobalSection(ExtensibilityGlobals) = postSolution
		SolutionGuid = {E389AC99-AC9F-4345-AF0F-B625612418FE}
	EndGlobalSection
EndGlobal
